<Solution>
  <Project Path="AgentPlatform.Agents/AgentPlatform.Agents.csproj" />
  <Project Path="AgentPlatform.Api/AgentPlatform.Api.csproj" />
  <Project Path="AgentPlatform.Core/AgentPlatform.Core.csproj" />
  <Project Path="AgentPlatform.Infrastructure.Sqlite/AgentPlatform.Infrastructure.Sqlite.csproj" />
  <Project Path="AgentPlatform.Tests/AgentPlatform.Tests.csproj" />
</Solution>
